
Microsoft Visual Studio Solution File, Format Version 11.00
# Visual Studio 2010
Project("{FAE04EC0-301F-11D3-BF4B-00C04F79EFBC}") = "UnityEngine.TestRunner", "UnityEngine.TestRunner.csproj", "{7ef5bfca-3125-d763-ea59-fcd3b21b91cb}"
EndProject
Project("{FAE04EC0-301F-11D3-BF4B-00C04F79EFBC}") = "UnityEngine.UI", "UnityEngine.UI.csproj", "{2b8120b2-369f-90b0-cea1-bba27beb3963}"
EndProject
Project("{FAE04EC0-301F-11D3-BF4B-00C04F79EFBC}") = "Unity.VisualScripting.Flow", "Unity.VisualScripting.Flow.csproj", "{25695447-1c00-9e36-e9d9-6bdc4391846b}"
EndProject
Project("{FAE04EC0-301F-11D3-BF4B-00C04F79EFBC}") = "Unity.Services.Core.Telemetry", "Unity.Services.Core.Telemetry.csproj", "{c6f01480-02f7-027f-62f7-b27114129d8a}"
EndProject
Project("{FAE04EC0-301F-11D3-BF4B-00C04F79EFBC}") = "Unity.VisualScripting.State", "Unity.VisualScripting.State.csproj", "{1a1f4316-622d-fec9-0520-e6b31c966314}"
EndProject
Project("{FAE04EC0-301F-11D3-BF4B-00C04F79EFBC}") = "Unity.VisualScripting.Core", "Unity.VisualScripting.Core.csproj", "{236e9e3d-167a-abc2-72c0-f5a211b08815}"
EndProject
Project("{FAE04EC0-301F-11D3-BF4B-00C04F79EFBC}") = "Unity.Services.Core.Environments.Internal", "Unity.Services.Core.Environments.Internal.csproj", "{7d9f8feb-4d95-63ca-2e89-845145188919}"
EndProject
Project("{FAE04EC0-301F-11D3-BF4B-00C04F79EFBC}") = "Unity.TextMeshPro", "Unity.TextMeshPro.csproj", "{585d0195-7c2b-c560-4a76-f418f8ca6686}"
EndProject
Project("{FAE04EC0-301F-11D3-BF4B-00C04F79EFBC}") = "Unity.Timeline", "Unity.Timeline.csproj", "{9c1383fb-3d7e-8616-d37a-fd6b0f8852c0}"
EndProject
Project("{FAE04EC0-301F-11D3-BF4B-00C04F79EFBC}") = "Unity.Services.Core", "Unity.Services.Core.csproj", "{191a730d-4d78-f34a-602b-b5cd1ccbf554}"
EndProject
Project("{FAE04EC0-301F-11D3-BF4B-00C04F79EFBC}") = "Unity.Services.Core.Environments", "Unity.Services.Core.Environments.csproj", "{2412d7b2-a71d-e97c-e980-6e92129a6978}"
EndProject
Project("{FAE04EC0-301F-11D3-BF4B-00C04F79EFBC}") = "Unity.Services.Core.Internal", "Unity.Services.Core.Internal.csproj", "{b442197a-1a28-83ee-5d97-935b5c812777}"
EndProject
Project("{FAE04EC0-301F-11D3-BF4B-00C04F79EFBC}") = "Unity.Services.Core.Analytics", "Unity.Services.Core.Analytics.csproj", "{d585554c-bcc8-5674-4c5c-ae142c39dddb}"
EndProject
Project("{FAE04EC0-301F-11D3-BF4B-00C04F79EFBC}") = "Unity.Services.Core.Scheduler", "Unity.Services.Core.Scheduler.csproj", "{b7d3fd78-6b18-6cdb-5bd2-856371b0c308}"
EndProject
Project("{FAE04EC0-301F-11D3-BF4B-00C04F79EFBC}") = "Unity.Services.Core.Registration", "Unity.Services.Core.Registration.csproj", "{1a6ed82d-1676-4f21-47b8-8822a59b5494}"
EndProject
Project("{FAE04EC0-301F-11D3-BF4B-00C04F79EFBC}") = "Unity.Services.Core.Device", "Unity.Services.Core.Device.csproj", "{a134b7b4-40af-a047-e5c2-5bd1b7f450c1}"
EndProject
Project("{FAE04EC0-301F-11D3-BF4B-00C04F79EFBC}") = "Unity.Services.Core.Threading", "Unity.Services.Core.Threading.csproj", "{3f1543bd-04cc-1144-ee4b-707ccaa1963e}"
EndProject
Project("{FAE04EC0-301F-11D3-BF4B-00C04F79EFBC}") = "Assembly-CSharp", "Assembly-CSharp.csproj", "{569a85a2-4aab-f951-60bb-1b6fc96e8c70}"
EndProject
Project("{FAE04EC0-301F-11D3-BF4B-00C04F79EFBC}") = "Unity.Services.Core.Networking", "Unity.Services.Core.Networking.csproj", "{7f493042-d22d-8b13-0da2-2c73f690766b}"
EndProject
Project("{FAE04EC0-301F-11D3-BF4B-00C04F79EFBC}") = "Unity.Services.Core.Configuration", "Unity.Services.Core.Configuration.csproj", "{fd74e646-938f-689f-41e8-94c8ebc9a974}"
EndProject
Project("{FAE04EC0-301F-11D3-BF4B-00C04F79EFBC}") = "Unity.PlasticSCM.Editor", "Unity.PlasticSCM.Editor.csproj", "{178afc91-dcbb-4212-31a8-33233b1fde02}"
EndProject
Project("{FAE04EC0-301F-11D3-BF4B-00C04F79EFBC}") = "Unity.VisualScripting.Core.Editor", "Unity.VisualScripting.Core.Editor.csproj", "{873b1364-17f5-1904-fba9-4ae558561472}"
EndProject
Project("{FAE04EC0-301F-11D3-BF4B-00C04F79EFBC}") = "Unity.VisualScripting.Flow.Editor", "Unity.VisualScripting.Flow.Editor.csproj", "{bcf8702f-e89a-c9d1-30e0-824605e087c7}"
EndProject
Project("{FAE04EC0-301F-11D3-BF4B-00C04F79EFBC}") = "Unity.VisualStudio.Editor", "Unity.VisualStudio.Editor.csproj", "{a870aa00-26e7-6ba1-80a7-a98269def8d7}"
EndProject
Project("{FAE04EC0-301F-11D3-BF4B-00C04F79EFBC}") = "Unity.Timeline.Editor", "Unity.Timeline.Editor.csproj", "{974cfc55-6dec-6992-2367-180fba3b92ef}"
EndProject
Project("{FAE04EC0-301F-11D3-BF4B-00C04F79EFBC}") = "Unity.VisualScripting.State.Editor", "Unity.VisualScripting.State.Editor.csproj", "{cb87a45b-99a3-5fb7-54a5-1e76ce7e8755}"
EndProject
Project("{FAE04EC0-301F-11D3-BF4B-00C04F79EFBC}") = "Unity.TextMeshPro.Editor", "Unity.TextMeshPro.Editor.csproj", "{59744692-fbd8-8493-151d-b87157382913}"
EndProject
Project("{FAE04EC0-301F-11D3-BF4B-00C04F79EFBC}") = "Unity.VisualScripting.SettingsProvider.Editor", "Unity.VisualScripting.SettingsProvider.Editor.csproj", "{5648c828-4ff2-5fec-20a3-73b90ac4bd72}"
EndProject
Project("{FAE04EC0-301F-11D3-BF4B-00C04F79EFBC}") = "Unity.CollabProxy.Editor", "Unity.CollabProxy.Editor.csproj", "{4cdbc2f9-0caa-7c8a-061f-e932bd963e87}"
EndProject
Project("{FAE04EC0-301F-11D3-BF4B-00C04F79EFBC}") = "UnityEditor.TestRunner", "UnityEditor.TestRunner.csproj", "{deeb2b0f-fd4a-1cfc-cfd8-f126d9104b82}"
EndProject
Project("{FAE04EC0-301F-11D3-BF4B-00C04F79EFBC}") = "Unity.Services.Core.Editor", "Unity.Services.Core.Editor.csproj", "{da834119-6ea5-08ff-357d-f8acb3560229}"
EndProject
Project("{FAE04EC0-301F-11D3-BF4B-00C04F79EFBC}") = "Unity.TestTools.CodeCoverage.Editor", "Unity.TestTools.CodeCoverage.Editor.csproj", "{f6a14fb5-f4ef-1ef4-40e4-4e10f018246a}"
EndProject
Project("{FAE04EC0-301F-11D3-BF4B-00C04F79EFBC}") = "Unity.Rider.Editor", "Unity.Rider.Editor.csproj", "{8dd1df9e-b562-8960-961c-82d26d34aa5e}"
EndProject
Project("{FAE04EC0-301F-11D3-BF4B-00C04F79EFBC}") = "Unity.Performance.Profile-Analyzer.Editor", "Unity.Performance.Profile-Analyzer.Editor.csproj", "{1d6f2acd-a509-df8d-f0b4-24f1838999fb}"
EndProject
Project("{FAE04EC0-301F-11D3-BF4B-00C04F79EFBC}") = "Unity.VSCode.Editor", "Unity.VSCode.Editor.csproj", "{c322b84d-69d2-d156-42df-c250667486ff}"
EndProject
Project("{FAE04EC0-301F-11D3-BF4B-00C04F79EFBC}") = "UnityEditor.UI", "UnityEditor.UI.csproj", "{27df5c51-0832-0742-f448-c95d51cbbe66}"
EndProject
Project("{FAE04EC0-301F-11D3-BF4B-00C04F79EFBC}") = "Unity.TestTools.CodeCoverage.Editor.OpenCover.Model", "Unity.TestTools.CodeCoverage.Editor.OpenCover.Model.csproj", "{3b092b44-92c3-3d29-d84a-bee03a16e27d}"
EndProject
Project("{FAE04EC0-301F-11D3-BF4B-00C04F79EFBC}") = "Unity.EditorCoroutines.Editor", "Unity.EditorCoroutines.Editor.csproj", "{4bf3e7af-6ee5-f33a-d82a-d261fe824852}"
EndProject
Project("{FAE04EC0-301F-11D3-BF4B-00C04F79EFBC}") = "Unity.Settings.Editor", "Unity.Settings.Editor.csproj", "{2d7c69d8-f23b-de50-72a5-e7dcc7d26864}"
EndProject
Project("{FAE04EC0-301F-11D3-BF4B-00C04F79EFBC}") = "Unity.Services.Core.Configuration.Editor", "Unity.Services.Core.Configuration.Editor.csproj", "{6fdf5a76-18d0-0a34-88fa-3d4c3b2f7bf5}"
EndProject
Project("{FAE04EC0-301F-11D3-BF4B-00C04F79EFBC}") = "Unity.TestTools.CodeCoverage.Editor.OpenCover.Mono.Reflection", "Unity.TestTools.CodeCoverage.Editor.OpenCover.Mono.Reflection.csproj", "{a5be41af-7ad3-62a7-1b1e-fe28be41ba65}"
EndProject
Project("{FAE04EC0-301F-11D3-BF4B-00C04F79EFBC}") = "Unity.VisualScripting.Shared.Editor", "Unity.VisualScripting.Shared.Editor.csproj", "{e65fc10e-7ceb-4d3b-4b48-15b2fc2a0ec9}"
EndProject
Global
	GlobalSection(SolutionConfigurationPlatforms) = preSolution
		Debug|Any CPU = Debug|Any CPU
	EndGlobalSection
	GlobalSection(ProjectConfigurationPlatforms) = postSolution
		{7ef5bfca-3125-d763-ea59-fcd3b21b91cb}.Debug|Any CPU.ActiveCfg = Debug|Any CPU
		{7ef5bfca-3125-d763-ea59-fcd3b21b91cb}.Debug|Any CPU.Build.0 = Debug|Any CPU
		{2b8120b2-369f-90b0-cea1-bba27beb3963}.Debug|Any CPU.ActiveCfg = Debug|Any CPU
		{2b8120b2-369f-90b0-cea1-bba27beb3963}.Debug|Any CPU.Build.0 = Debug|Any CPU
		{25695447-1c00-9e36-e9d9-6bdc4391846b}.Debug|Any CPU.ActiveCfg = Debug|Any CPU
		{25695447-1c00-9e36-e9d9-6bdc4391846b}.Debug|Any CPU.Build.0 = Debug|Any CPU
		{c6f01480-02f7-027f-62f7-b27114129d8a}.Debug|Any CPU.ActiveCfg = Debug|Any CPU
		{c6f01480-02f7-027f-62f7-b27114129d8a}.Debug|Any CPU.Build.0 = Debug|Any CPU
		{1a1f4316-622d-fec9-0520-e6b31c966314}.Debug|Any CPU.ActiveCfg = Debug|Any CPU
		{1a1f4316-622d-fec9-0520-e6b31c966314}.Debug|Any CPU.Build.0 = Debug|Any CPU
		{236e9e3d-167a-abc2-72c0-f5a211b08815}.Debug|Any CPU.ActiveCfg = Debug|Any CPU
		{236e9e3d-167a-abc2-72c0-f5a211b08815}.Debug|Any CPU.Build.0 = Debug|Any CPU
		{7d9f8feb-4d95-63ca-2e89-845145188919}.Debug|Any CPU.ActiveCfg = Debug|Any CPU
		{7d9f8feb-4d95-63ca-2e89-845145188919}.Debug|Any CPU.Build.0 = Debug|Any CPU
		{585d0195-7c2b-c560-4a76-f418f8ca6686}.Debug|Any CPU.ActiveCfg = Debug|Any CPU
		{585d0195-7c2b-c560-4a76-f418f8ca6686}.Debug|Any CPU.Build.0 = Debug|Any CPU
		{9c1383fb-3d7e-8616-d37a-fd6b0f8852c0}.Debug|Any CPU.ActiveCfg = Debug|Any CPU
		{9c1383fb-3d7e-8616-d37a-fd6b0f8852c0}.Debug|Any CPU.Build.0 = Debug|Any CPU
		{191a730d-4d78-f34a-602b-b5cd1ccbf554}.Debug|Any CPU.ActiveCfg = Debug|Any CPU
		{191a730d-4d78-f34a-602b-b5cd1ccbf554}.Debug|Any CPU.Build.0 = Debug|Any CPU
		{2412d7b2-a71d-e97c-e980-6e92129a6978}.Debug|Any CPU.ActiveCfg = Debug|Any CPU
		{2412d7b2-a71d-e97c-e980-6e92129a6978}.Debug|Any CPU.Build.0 = Debug|Any CPU
		{b442197a-1a28-83ee-5d97-935b5c812777}.Debug|Any CPU.ActiveCfg = Debug|Any CPU
		{b442197a-1a28-83ee-5d97-935b5c812777}.Debug|Any CPU.Build.0 = Debug|Any CPU
		{d585554c-bcc8-5674-4c5c-ae142c39dddb}.Debug|Any CPU.ActiveCfg = Debug|Any CPU
		{d585554c-bcc8-5674-4c5c-ae142c39dddb}.Debug|Any CPU.Build.0 = Debug|Any CPU
		{b7d3fd78-6b18-6cdb-5bd2-856371b0c308}.Debug|Any CPU.ActiveCfg = Debug|Any CPU
		{b7d3fd78-6b18-6cdb-5bd2-856371b0c308}.Debug|Any CPU.Build.0 = Debug|Any CPU
		{1a6ed82d-1676-4f21-47b8-8822a59b5494}.Debug|Any CPU.ActiveCfg = Debug|Any CPU
		{1a6ed82d-1676-4f21-47b8-8822a59b5494}.Debug|Any CPU.Build.0 = Debug|Any CPU
		{a134b7b4-40af-a047-e5c2-5bd1b7f450c1}.Debug|Any CPU.ActiveCfg = Debug|Any CPU
		{a134b7b4-40af-a047-e5c2-5bd1b7f450c1}.Debug|Any CPU.Build.0 = Debug|Any CPU
		{3f1543bd-04cc-1144-ee4b-707ccaa1963e}.Debug|Any CPU.ActiveCfg = Debug|Any CPU
		{3f1543bd-04cc-1144-ee4b-707ccaa1963e}.Debug|Any CPU.Build.0 = Debug|Any CPU
		{569a85a2-4aab-f951-60bb-1b6fc96e8c70}.Debug|Any CPU.ActiveCfg = Debug|Any CPU
		{569a85a2-4aab-f951-60bb-1b6fc96e8c70}.Debug|Any CPU.Build.0 = Debug|Any CPU
		{7f493042-d22d-8b13-0da2-2c73f690766b}.Debug|Any CPU.ActiveCfg = Debug|Any CPU
		{7f493042-d22d-8b13-0da2-2c73f690766b}.Debug|Any CPU.Build.0 = Debug|Any CPU
		{fd74e646-938f-689f-41e8-94c8ebc9a974}.Debug|Any CPU.ActiveCfg = Debug|Any CPU
		{fd74e646-938f-689f-41e8-94c8ebc9a974}.Debug|Any CPU.Build.0 = Debug|Any CPU
		{178afc91-dcbb-4212-31a8-33233b1fde02}.Debug|Any CPU.ActiveCfg = Debug|Any CPU
		{178afc91-dcbb-4212-31a8-33233b1fde02}.Debug|Any CPU.Build.0 = Debug|Any CPU
		{873b1364-17f5-1904-fba9-4ae558561472}.Debug|Any CPU.ActiveCfg = Debug|Any CPU
		{873b1364-17f5-1904-fba9-4ae558561472}.Debug|Any CPU.Build.0 = Debug|Any CPU
		{bcf8702f-e89a-c9d1-30e0-824605e087c7}.Debug|Any CPU.ActiveCfg = Debug|Any CPU
		{bcf8702f-e89a-c9d1-30e0-824605e087c7}.Debug|Any CPU.Build.0 = Debug|Any CPU
		{a870aa00-26e7-6ba1-80a7-a98269def8d7}.Debug|Any CPU.ActiveCfg = Debug|Any CPU
		{a870aa00-26e7-6ba1-80a7-a98269def8d7}.Debug|Any CPU.Build.0 = Debug|Any CPU
		{974cfc55-6dec-6992-2367-180fba3b92ef}.Debug|Any CPU.ActiveCfg = Debug|Any CPU
		{974cfc55-6dec-6992-2367-180fba3b92ef}.Debug|Any CPU.Build.0 = Debug|Any CPU
		{cb87a45b-99a3-5fb7-54a5-1e76ce7e8755}.Debug|Any CPU.ActiveCfg = Debug|Any CPU
		{cb87a45b-99a3-5fb7-54a5-1e76ce7e8755}.Debug|Any CPU.Build.0 = Debug|Any CPU
		{59744692-fbd8-8493-151d-b87157382913}.Debug|Any CPU.ActiveCfg = Debug|Any CPU
		{59744692-fbd8-8493-151d-b87157382913}.Debug|Any CPU.Build.0 = Debug|Any CPU
		{5648c828-4ff2-5fec-20a3-73b90ac4bd72}.Debug|Any CPU.ActiveCfg = Debug|Any CPU
		{5648c828-4ff2-5fec-20a3-73b90ac4bd72}.Debug|Any CPU.Build.0 = Debug|Any CPU
		{4cdbc2f9-0caa-7c8a-061f-e932bd963e87}.Debug|Any CPU.ActiveCfg = Debug|Any CPU
		{4cdbc2f9-0caa-7c8a-061f-e932bd963e87}.Debug|Any CPU.Build.0 = Debug|Any CPU
		{deeb2b0f-fd4a-1cfc-cfd8-f126d9104b82}.Debug|Any CPU.ActiveCfg = Debug|Any CPU
		{deeb2b0f-fd4a-1cfc-cfd8-f126d9104b82}.Debug|Any CPU.Build.0 = Debug|Any CPU
		{da834119-6ea5-08ff-357d-f8acb3560229}.Debug|Any CPU.ActiveCfg = Debug|Any CPU
		{da834119-6ea5-08ff-357d-f8acb3560229}.Debug|Any CPU.Build.0 = Debug|Any CPU
		{f6a14fb5-f4ef-1ef4-40e4-4e10f018246a}.Debug|Any CPU.ActiveCfg = Debug|Any CPU
		{f6a14fb5-f4ef-1ef4-40e4-4e10f018246a}.Debug|Any CPU.Build.0 = Debug|Any CPU
		{8dd1df9e-b562-8960-961c-82d26d34aa5e}.Debug|Any CPU.ActiveCfg = Debug|Any CPU
		{8dd1df9e-b562-8960-961c-82d26d34aa5e}.Debug|Any CPU.Build.0 = Debug|Any CPU
		{1d6f2acd-a509-df8d-f0b4-24f1838999fb}.Debug|Any CPU.ActiveCfg = Debug|Any CPU
		{1d6f2acd-a509-df8d-f0b4-24f1838999fb}.Debug|Any CPU.Build.0 = Debug|Any CPU
		{c322b84d-69d2-d156-42df-c250667486ff}.Debug|Any CPU.ActiveCfg = Debug|Any CPU
		{c322b84d-69d2-d156-42df-c250667486ff}.Debug|Any CPU.Build.0 = Debug|Any CPU
		{27df5c51-0832-0742-f448-c95d51cbbe66}.Debug|Any CPU.ActiveCfg = Debug|Any CPU
		{27df5c51-0832-0742-f448-c95d51cbbe66}.Debug|Any CPU.Build.0 = Debug|Any CPU
		{3b092b44-92c3-3d29-d84a-bee03a16e27d}.Debug|Any CPU.ActiveCfg = Debug|Any CPU
		{3b092b44-92c3-3d29-d84a-bee03a16e27d}.Debug|Any CPU.Build.0 = Debug|Any CPU
		{4bf3e7af-6ee5-f33a-d82a-d261fe824852}.Debug|Any CPU.ActiveCfg = Debug|Any CPU
		{4bf3e7af-6ee5-f33a-d82a-d261fe824852}.Debug|Any CPU.Build.0 = Debug|Any CPU
		{2d7c69d8-f23b-de50-72a5-e7dcc7d26864}.Debug|Any CPU.ActiveCfg = Debug|Any CPU
		{2d7c69d8-f23b-de50-72a5-e7dcc7d26864}.Debug|Any CPU.Build.0 = Debug|Any CPU
		{6fdf5a76-18d0-0a34-88fa-3d4c3b2f7bf5}.Debug|Any CPU.ActiveCfg = Debug|Any CPU
		{6fdf5a76-18d0-0a34-88fa-3d4c3b2f7bf5}.Debug|Any CPU.Build.0 = Debug|Any CPU
		{a5be41af-7ad3-62a7-1b1e-fe28be41ba65}.Debug|Any CPU.ActiveCfg = Debug|Any CPU
		{a5be41af-7ad3-62a7-1b1e-fe28be41ba65}.Debug|Any CPU.Build.0 = Debug|Any CPU
		{e65fc10e-7ceb-4d3b-4b48-15b2fc2a0ec9}.Debug|Any CPU.ActiveCfg = Debug|Any CPU
		{e65fc10e-7ceb-4d3b-4b48-15b2fc2a0ec9}.Debug|Any CPU.Build.0 = Debug|Any CPU
	EndGlobalSection
	GlobalSection(SolutionProperties) = preSolution
		HideSolutionNode = FALSE
	EndGlobalSection
EndGlobal
