
Microsoft Visual Studio Solution File, Format Version 11.00
# Visual Studio 2010
Project("{FAE04EC0-301F-11D3-BF4B-00C04F79EFBC}") = "UnityEngine.TestRunner", "UnityEngine.TestRunner.csproj", "{a5570a4d-7e03-136e-17f5-7c418e632ab1}"
EndProject
Project("{FAE04EC0-301F-11D3-BF4B-00C04F79EFBC}") = "UnityEngine.UI", "UnityEngine.UI.csproj", "{004589bb-67e5-ec97-3d6c-b1f15e087043}"
EndProject
Project("{FAE04EC0-301F-11D3-BF4B-00C04F79EFBC}") = "Unity.VisualScripting.Flow", "Unity.VisualScripting.Flow.csproj", "{8f247e0e-0ec1-115e-3b17-1551743b72f2}"
EndProject
Project("{FAE04EC0-301F-11D3-BF4B-00C04F79EFBC}") = "Unity.Services.Core.Telemetry", "Unity.Services.Core.Telemetry.csproj", "{0194e0ab-57ff-a3fb-bcf5-ba4864440836}"
EndProject
Project("{FAE04EC0-301F-11D3-BF4B-00C04F79EFBC}") = "Unity.VisualScripting.State", "Unity.VisualScripting.State.csproj", "{be9819c1-0a26-4bba-149c-62257726e5a8}"
EndProject
Project("{FAE04EC0-301F-11D3-BF4B-00C04F79EFBC}") = "Unity.VisualScripting.Core", "Unity.VisualScripting.Core.csproj", "{5249b6a9-6df6-f5ac-6701-5b190e82040e}"
EndProject
Project("{FAE04EC0-301F-11D3-BF4B-00C04F79EFBC}") = "Unity.Services.Core.Environments.Internal", "Unity.Services.Core.Environments.Internal.csproj", "{0290b9d5-e019-e259-5bfc-8a863a395231}"
EndProject
Project("{FAE04EC0-301F-11D3-BF4B-00C04F79EFBC}") = "Unity.TextMeshPro", "Unity.TextMeshPro.csproj", "{f7aa0bc9-da4d-fb43-3f1e-d0ece4ee4b56}"
EndProject
Project("{FAE04EC0-301F-11D3-BF4B-00C04F79EFBC}") = "Unity.Timeline", "Unity.Timeline.csproj", "{164634af-4963-51a5-f065-bbfb8b01b6c8}"
EndProject
Project("{FAE04EC0-301F-11D3-BF4B-00C04F79EFBC}") = "Unity.Services.Core", "Unity.Services.Core.csproj", "{7b8b77c4-8611-c7ae-6410-f68f295aab6b}"
EndProject
Project("{FAE04EC0-301F-11D3-BF4B-00C04F79EFBC}") = "Unity.Services.Core.Environments", "Unity.Services.Core.Environments.csproj", "{44883c44-fa19-11c8-4822-6808a1812aef}"
EndProject
Project("{FAE04EC0-301F-11D3-BF4B-00C04F79EFBC}") = "Unity.Services.Core.Internal", "Unity.Services.Core.Internal.csproj", "{3ba85c35-e0d0-36e5-5481-d6515845ee19}"
EndProject
Project("{FAE04EC0-301F-11D3-BF4B-00C04F79EFBC}") = "Unity.Services.Core.Analytics", "Unity.Services.Core.Analytics.csproj", "{db214c90-e732-3d60-c9a8-0e4a98d052b1}"
EndProject
Project("{FAE04EC0-301F-11D3-BF4B-00C04F79EFBC}") = "Unity.Services.Core.Scheduler", "Unity.Services.Core.Scheduler.csproj", "{4153d62d-0895-1b7e-2514-c8ef62a1b1b4}"
EndProject
Project("{FAE04EC0-301F-11D3-BF4B-00C04F79EFBC}") = "Unity.Services.Core.Registration", "Unity.Services.Core.Registration.csproj", "{cb14ebb4-bed6-c497-8c8f-80776c49a2dc}"
EndProject
Project("{FAE04EC0-301F-11D3-BF4B-00C04F79EFBC}") = "Unity.Services.Core.Device", "Unity.Services.Core.Device.csproj", "{e817560f-5bde-b0af-c5b0-349b30d3771a}"
EndProject
Project("{FAE04EC0-301F-11D3-BF4B-00C04F79EFBC}") = "Unity.Services.Core.Threading", "Unity.Services.Core.Threading.csproj", "{2df06899-b8b4-365b-9e04-97aaee5c0be0}"
EndProject
Project("{FAE04EC0-301F-11D3-BF4B-00C04F79EFBC}") = "Assembly-CSharp", "Assembly-CSharp.csproj", "{e3d542a8-6f73-2f78-fb7b-ad4a03cbe6cd}"
EndProject
Project("{FAE04EC0-301F-11D3-BF4B-00C04F79EFBC}") = "Unity.Services.Core.Networking", "Unity.Services.Core.Networking.csproj", "{222ce0f5-5060-bedb-a6f3-f9e05e6499ed}"
EndProject
Project("{FAE04EC0-301F-11D3-BF4B-00C04F79EFBC}") = "Unity.Services.Core.Configuration", "Unity.Services.Core.Configuration.csproj", "{81fdd08a-d824-568f-e9a0-509988c8673e}"
EndProject
Project("{FAE04EC0-301F-11D3-BF4B-00C04F79EFBC}") = "Unity.PlasticSCM.Editor", "Unity.PlasticSCM.Editor.csproj", "{4ff5a38d-502f-b71f-9434-de2a380fbeda}"
EndProject
Project("{FAE04EC0-301F-11D3-BF4B-00C04F79EFBC}") = "Unity.VisualScripting.Core.Editor", "Unity.VisualScripting.Core.Editor.csproj", "{3dfa0eac-92d1-ddad-a133-b7f47e9c2966}"
EndProject
Project("{FAE04EC0-301F-11D3-BF4B-00C04F79EFBC}") = "Unity.VisualScripting.Flow.Editor", "Unity.VisualScripting.Flow.Editor.csproj", "{2d7cc216-69bc-57f0-0b66-669a212ce101}"
EndProject
Project("{FAE04EC0-301F-11D3-BF4B-00C04F79EFBC}") = "Unity.VisualStudio.Editor", "Unity.VisualStudio.Editor.csproj", "{21d9224a-23c6-7b65-d88f-4cb73aa66846}"
EndProject
Project("{FAE04EC0-301F-11D3-BF4B-00C04F79EFBC}") = "Unity.Timeline.Editor", "Unity.Timeline.Editor.csproj", "{c33274fc-0dff-c641-fb5d-b453b5972721}"
EndProject
Project("{FAE04EC0-301F-11D3-BF4B-00C04F79EFBC}") = "Unity.VisualScripting.State.Editor", "Unity.VisualScripting.State.Editor.csproj", "{141fa87f-f1ef-f765-59cd-1b3d50f5327a}"
EndProject
Project("{FAE04EC0-301F-11D3-BF4B-00C04F79EFBC}") = "Unity.TextMeshPro.Editor", "Unity.TextMeshPro.Editor.csproj", "{f246cec7-72aa-03af-d9f1-fc04696ad5e5}"
EndProject
Project("{FAE04EC0-301F-11D3-BF4B-00C04F79EFBC}") = "Unity.VisualScripting.SettingsProvider.Editor", "Unity.VisualScripting.SettingsProvider.Editor.csproj", "{68556283-d754-abb0-f364-1e9e6fc05657}"
EndProject
Project("{FAE04EC0-301F-11D3-BF4B-00C04F79EFBC}") = "Unity.CollabProxy.Editor", "Unity.CollabProxy.Editor.csproj", "{1169b8f4-9ac8-e8d2-51e0-d9d813f7d93b}"
EndProject
Project("{FAE04EC0-301F-11D3-BF4B-00C04F79EFBC}") = "UnityEditor.TestRunner", "UnityEditor.TestRunner.csproj", "{ca7fbf66-6107-47af-b00c-322ef3662cf3}"
EndProject
Project("{FAE04EC0-301F-11D3-BF4B-00C04F79EFBC}") = "Unity.Services.Core.Editor", "Unity.Services.Core.Editor.csproj", "{e615da81-2b0e-b455-6df2-d8fdb1134e7d}"
EndProject
Project("{FAE04EC0-301F-11D3-BF4B-00C04F79EFBC}") = "Unity.TestTools.CodeCoverage.Editor", "Unity.TestTools.CodeCoverage.Editor.csproj", "{99fce9ad-dae7-6ad9-d0f9-608c4dd73399}"
EndProject
Project("{FAE04EC0-301F-11D3-BF4B-00C04F79EFBC}") = "Unity.Rider.Editor", "Unity.Rider.Editor.csproj", "{9005381e-5bf4-44d2-b63d-a4f5acec5765}"
EndProject
Project("{FAE04EC0-301F-11D3-BF4B-00C04F79EFBC}") = "Unity.Performance.Profile-Analyzer.Editor", "Unity.Performance.Profile-Analyzer.Editor.csproj", "{cad58376-d83c-2377-b6e5-cab2892695e2}"
EndProject
Project("{FAE04EC0-301F-11D3-BF4B-00C04F79EFBC}") = "Unity.VSCode.Editor", "Unity.VSCode.Editor.csproj", "{905a249f-9dac-437e-cfdc-f089a6c8fbff}"
EndProject
Project("{FAE04EC0-301F-11D3-BF4B-00C04F79EFBC}") = "UnityEditor.UI", "UnityEditor.UI.csproj", "{eb90ba68-361a-e6c1-b76c-b1943a83d439}"
EndProject
Project("{FAE04EC0-301F-11D3-BF4B-00C04F79EFBC}") = "Unity.TestTools.CodeCoverage.Editor.OpenCover.Model", "Unity.TestTools.CodeCoverage.Editor.OpenCover.Model.csproj", "{be2701bf-9ef5-78b2-a8a6-1f939f197bd7}"
EndProject
Project("{FAE04EC0-301F-11D3-BF4B-00C04F79EFBC}") = "Unity.EditorCoroutines.Editor", "Unity.EditorCoroutines.Editor.csproj", "{3ff7ec40-913b-5ce4-e0ec-c26c34ca7429}"
EndProject
Project("{FAE04EC0-301F-11D3-BF4B-00C04F79EFBC}") = "Unity.Settings.Editor", "Unity.Settings.Editor.csproj", "{6cd12e0c-2fc4-3d8d-c999-3d91a3ec2faf}"
EndProject
Project("{FAE04EC0-301F-11D3-BF4B-00C04F79EFBC}") = "Unity.Services.Core.Configuration.Editor", "Unity.Services.Core.Configuration.Editor.csproj", "{c5b3226c-a341-1c28-409c-8f7c7d52e7fa}"
EndProject
Project("{FAE04EC0-301F-11D3-BF4B-00C04F79EFBC}") = "Unity.TestTools.CodeCoverage.Editor.OpenCover.Mono.Reflection", "Unity.TestTools.CodeCoverage.Editor.OpenCover.Mono.Reflection.csproj", "{3633cf47-c80e-11ce-c0dd-f9d0d5a08813}"
EndProject
Project("{FAE04EC0-301F-11D3-BF4B-00C04F79EFBC}") = "Unity.VisualScripting.Shared.Editor", "Unity.VisualScripting.Shared.Editor.csproj", "{95f8de25-1220-ed47-91de-368f762c16af}"
EndProject
Global
	GlobalSection(SolutionConfigurationPlatforms) = preSolution
		Debug|Any CPU = Debug|Any CPU
	EndGlobalSection
	GlobalSection(ProjectConfigurationPlatforms) = postSolution
		{a5570a4d-7e03-136e-17f5-7c418e632ab1}.Debug|Any CPU.ActiveCfg = Debug|Any CPU
		{a5570a4d-7e03-136e-17f5-7c418e632ab1}.Debug|Any CPU.Build.0 = Debug|Any CPU
		{004589bb-67e5-ec97-3d6c-b1f15e087043}.Debug|Any CPU.ActiveCfg = Debug|Any CPU
		{004589bb-67e5-ec97-3d6c-b1f15e087043}.Debug|Any CPU.Build.0 = Debug|Any CPU
		{8f247e0e-0ec1-115e-3b17-1551743b72f2}.Debug|Any CPU.ActiveCfg = Debug|Any CPU
		{8f247e0e-0ec1-115e-3b17-1551743b72f2}.Debug|Any CPU.Build.0 = Debug|Any CPU
		{0194e0ab-57ff-a3fb-bcf5-ba4864440836}.Debug|Any CPU.ActiveCfg = Debug|Any CPU
		{0194e0ab-57ff-a3fb-bcf5-ba4864440836}.Debug|Any CPU.Build.0 = Debug|Any CPU
		{be9819c1-0a26-4bba-149c-62257726e5a8}.Debug|Any CPU.ActiveCfg = Debug|Any CPU
		{be9819c1-0a26-4bba-149c-62257726e5a8}.Debug|Any CPU.Build.0 = Debug|Any CPU
		{5249b6a9-6df6-f5ac-6701-5b190e82040e}.Debug|Any CPU.ActiveCfg = Debug|Any CPU
		{5249b6a9-6df6-f5ac-6701-5b190e82040e}.Debug|Any CPU.Build.0 = Debug|Any CPU
		{0290b9d5-e019-e259-5bfc-8a863a395231}.Debug|Any CPU.ActiveCfg = Debug|Any CPU
		{0290b9d5-e019-e259-5bfc-8a863a395231}.Debug|Any CPU.Build.0 = Debug|Any CPU
		{f7aa0bc9-da4d-fb43-3f1e-d0ece4ee4b56}.Debug|Any CPU.ActiveCfg = Debug|Any CPU
		{f7aa0bc9-da4d-fb43-3f1e-d0ece4ee4b56}.Debug|Any CPU.Build.0 = Debug|Any CPU
		{164634af-4963-51a5-f065-bbfb8b01b6c8}.Debug|Any CPU.ActiveCfg = Debug|Any CPU
		{164634af-4963-51a5-f065-bbfb8b01b6c8}.Debug|Any CPU.Build.0 = Debug|Any CPU
		{7b8b77c4-8611-c7ae-6410-f68f295aab6b}.Debug|Any CPU.ActiveCfg = Debug|Any CPU
		{7b8b77c4-8611-c7ae-6410-f68f295aab6b}.Debug|Any CPU.Build.0 = Debug|Any CPU
		{44883c44-fa19-11c8-4822-6808a1812aef}.Debug|Any CPU.ActiveCfg = Debug|Any CPU
		{44883c44-fa19-11c8-4822-6808a1812aef}.Debug|Any CPU.Build.0 = Debug|Any CPU
		{3ba85c35-e0d0-36e5-5481-d6515845ee19}.Debug|Any CPU.ActiveCfg = Debug|Any CPU
		{3ba85c35-e0d0-36e5-5481-d6515845ee19}.Debug|Any CPU.Build.0 = Debug|Any CPU
		{db214c90-e732-3d60-c9a8-0e4a98d052b1}.Debug|Any CPU.ActiveCfg = Debug|Any CPU
		{db214c90-e732-3d60-c9a8-0e4a98d052b1}.Debug|Any CPU.Build.0 = Debug|Any CPU
		{4153d62d-0895-1b7e-2514-c8ef62a1b1b4}.Debug|Any CPU.ActiveCfg = Debug|Any CPU
		{4153d62d-0895-1b7e-2514-c8ef62a1b1b4}.Debug|Any CPU.Build.0 = Debug|Any CPU
		{cb14ebb4-bed6-c497-8c8f-80776c49a2dc}.Debug|Any CPU.ActiveCfg = Debug|Any CPU
		{cb14ebb4-bed6-c497-8c8f-80776c49a2dc}.Debug|Any CPU.Build.0 = Debug|Any CPU
		{e817560f-5bde-b0af-c5b0-349b30d3771a}.Debug|Any CPU.ActiveCfg = Debug|Any CPU
		{e817560f-5bde-b0af-c5b0-349b30d3771a}.Debug|Any CPU.Build.0 = Debug|Any CPU
		{2df06899-b8b4-365b-9e04-97aaee5c0be0}.Debug|Any CPU.ActiveCfg = Debug|Any CPU
		{2df06899-b8b4-365b-9e04-97aaee5c0be0}.Debug|Any CPU.Build.0 = Debug|Any CPU
		{e3d542a8-6f73-2f78-fb7b-ad4a03cbe6cd}.Debug|Any CPU.ActiveCfg = Debug|Any CPU
		{e3d542a8-6f73-2f78-fb7b-ad4a03cbe6cd}.Debug|Any CPU.Build.0 = Debug|Any CPU
		{222ce0f5-5060-bedb-a6f3-f9e05e6499ed}.Debug|Any CPU.ActiveCfg = Debug|Any CPU
		{222ce0f5-5060-bedb-a6f3-f9e05e6499ed}.Debug|Any CPU.Build.0 = Debug|Any CPU
		{81fdd08a-d824-568f-e9a0-509988c8673e}.Debug|Any CPU.ActiveCfg = Debug|Any CPU
		{81fdd08a-d824-568f-e9a0-509988c8673e}.Debug|Any CPU.Build.0 = Debug|Any CPU
		{4ff5a38d-502f-b71f-9434-de2a380fbeda}.Debug|Any CPU.ActiveCfg = Debug|Any CPU
		{4ff5a38d-502f-b71f-9434-de2a380fbeda}.Debug|Any CPU.Build.0 = Debug|Any CPU
		{3dfa0eac-92d1-ddad-a133-b7f47e9c2966}.Debug|Any CPU.ActiveCfg = Debug|Any CPU
		{3dfa0eac-92d1-ddad-a133-b7f47e9c2966}.Debug|Any CPU.Build.0 = Debug|Any CPU
		{2d7cc216-69bc-57f0-0b66-669a212ce101}.Debug|Any CPU.ActiveCfg = Debug|Any CPU
		{2d7cc216-69bc-57f0-0b66-669a212ce101}.Debug|Any CPU.Build.0 = Debug|Any CPU
		{21d9224a-23c6-7b65-d88f-4cb73aa66846}.Debug|Any CPU.ActiveCfg = Debug|Any CPU
		{21d9224a-23c6-7b65-d88f-4cb73aa66846}.Debug|Any CPU.Build.0 = Debug|Any CPU
		{c33274fc-0dff-c641-fb5d-b453b5972721}.Debug|Any CPU.ActiveCfg = Debug|Any CPU
		{c33274fc-0dff-c641-fb5d-b453b5972721}.Debug|Any CPU.Build.0 = Debug|Any CPU
		{141fa87f-f1ef-f765-59cd-1b3d50f5327a}.Debug|Any CPU.ActiveCfg = Debug|Any CPU
		{141fa87f-f1ef-f765-59cd-1b3d50f5327a}.Debug|Any CPU.Build.0 = Debug|Any CPU
		{f246cec7-72aa-03af-d9f1-fc04696ad5e5}.Debug|Any CPU.ActiveCfg = Debug|Any CPU
		{f246cec7-72aa-03af-d9f1-fc04696ad5e5}.Debug|Any CPU.Build.0 = Debug|Any CPU
		{68556283-d754-abb0-f364-1e9e6fc05657}.Debug|Any CPU.ActiveCfg = Debug|Any CPU
		{68556283-d754-abb0-f364-1e9e6fc05657}.Debug|Any CPU.Build.0 = Debug|Any CPU
		{1169b8f4-9ac8-e8d2-51e0-d9d813f7d93b}.Debug|Any CPU.ActiveCfg = Debug|Any CPU
		{1169b8f4-9ac8-e8d2-51e0-d9d813f7d93b}.Debug|Any CPU.Build.0 = Debug|Any CPU
		{ca7fbf66-6107-47af-b00c-322ef3662cf3}.Debug|Any CPU.ActiveCfg = Debug|Any CPU
		{ca7fbf66-6107-47af-b00c-322ef3662cf3}.Debug|Any CPU.Build.0 = Debug|Any CPU
		{e615da81-2b0e-b455-6df2-d8fdb1134e7d}.Debug|Any CPU.ActiveCfg = Debug|Any CPU
		{e615da81-2b0e-b455-6df2-d8fdb1134e7d}.Debug|Any CPU.Build.0 = Debug|Any CPU
		{99fce9ad-dae7-6ad9-d0f9-608c4dd73399}.Debug|Any CPU.ActiveCfg = Debug|Any CPU
		{99fce9ad-dae7-6ad9-d0f9-608c4dd73399}.Debug|Any CPU.Build.0 = Debug|Any CPU
		{9005381e-5bf4-44d2-b63d-a4f5acec5765}.Debug|Any CPU.ActiveCfg = Debug|Any CPU
		{9005381e-5bf4-44d2-b63d-a4f5acec5765}.Debug|Any CPU.Build.0 = Debug|Any CPU
		{cad58376-d83c-2377-b6e5-cab2892695e2}.Debug|Any CPU.ActiveCfg = Debug|Any CPU
		{cad58376-d83c-2377-b6e5-cab2892695e2}.Debug|Any CPU.Build.0 = Debug|Any CPU
		{905a249f-9dac-437e-cfdc-f089a6c8fbff}.Debug|Any CPU.ActiveCfg = Debug|Any CPU
		{905a249f-9dac-437e-cfdc-f089a6c8fbff}.Debug|Any CPU.Build.0 = Debug|Any CPU
		{eb90ba68-361a-e6c1-b76c-b1943a83d439}.Debug|Any CPU.ActiveCfg = Debug|Any CPU
		{eb90ba68-361a-e6c1-b76c-b1943a83d439}.Debug|Any CPU.Build.0 = Debug|Any CPU
		{be2701bf-9ef5-78b2-a8a6-1f939f197bd7}.Debug|Any CPU.ActiveCfg = Debug|Any CPU
		{be2701bf-9ef5-78b2-a8a6-1f939f197bd7}.Debug|Any CPU.Build.0 = Debug|Any CPU
		{3ff7ec40-913b-5ce4-e0ec-c26c34ca7429}.Debug|Any CPU.ActiveCfg = Debug|Any CPU
		{3ff7ec40-913b-5ce4-e0ec-c26c34ca7429}.Debug|Any CPU.Build.0 = Debug|Any CPU
		{6cd12e0c-2fc4-3d8d-c999-3d91a3ec2faf}.Debug|Any CPU.ActiveCfg = Debug|Any CPU
		{6cd12e0c-2fc4-3d8d-c999-3d91a3ec2faf}.Debug|Any CPU.Build.0 = Debug|Any CPU
		{c5b3226c-a341-1c28-409c-8f7c7d52e7fa}.Debug|Any CPU.ActiveCfg = Debug|Any CPU
		{c5b3226c-a341-1c28-409c-8f7c7d52e7fa}.Debug|Any CPU.Build.0 = Debug|Any CPU
		{3633cf47-c80e-11ce-c0dd-f9d0d5a08813}.Debug|Any CPU.ActiveCfg = Debug|Any CPU
		{3633cf47-c80e-11ce-c0dd-f9d0d5a08813}.Debug|Any CPU.Build.0 = Debug|Any CPU
		{95f8de25-1220-ed47-91de-368f762c16af}.Debug|Any CPU.ActiveCfg = Debug|Any CPU
		{95f8de25-1220-ed47-91de-368f762c16af}.Debug|Any CPU.Build.0 = Debug|Any CPU
	EndGlobalSection
	GlobalSection(SolutionProperties) = preSolution
		HideSolutionNode = FALSE
	EndGlobalSection
EndGlobal
